<?xml version="1.0" encoding="utf-8"?>
<Project ToolsVersion="4.0" xmlns="http://schemas.microsoft.com/developer/msbuild/2003">
  <ItemGroup>
    <Filter Include="Файлы исходного кода">
      <UniqueIdentifier>{4FC737F1-C7A5-4376-A066-2A32D752A2FF}</UniqueIdentifier>
      <Extensions>cpp;c;cc;cxx;def;odl;idl;hpj;bat;asm;asmx</Extensions>
    </Filter>
    <Filter Include="Заголовочные файлы">
      <UniqueIdentifier>{93995380-89BD-4b04-88EB-625FBE52EBFB}</UniqueIdentifier>
      <Extensions>h;hh;hpp;hxx;hm;inl;inc;xsd</Extensions>
    </Filter>
    <Filter Include="Файлы ресурсов">
      <UniqueIdentifier>{67DA6AB6-F800-4c08-8B7A-83BB121AAD01}</UniqueIdentifier>
      <Extensions>rc;ico;cur;bmp;dlg;rc2;rct;bin;rgs;gif;jpg;jpeg;jpe;resx;tiff;tif;png;wav;mfcribbon-ms</Extensions>
    </Filter>
    <Filter Include="Заголовочные файлы\Managers">
      <UniqueIdentifier>{15d2ddfd-9019-40ec-a11f-b93db3797ba3}</UniqueIdentifier>
    </Filter>
    <Filter Include="Заголовочные файлы\Objects">
      <UniqueIdentifier>{c2e7c4a3-a202-407f-bdfc-e6080e5f67be}</UniqueIdentifier>
    </Filter>
    <Filter Include="Файлы исходного кода\Managers">
      <UniqueIdentifier>{385700bb-fe62-4521-abe6-0c34f3a2e132}</UniqueIdentifier>
    </Filter>
    <Filter Include="Файлы исходного кода\Objects">
      <UniqueIdentifier>{baaa9144-19e8-4c5a-82e6-cab9e8d3b50f}</UniqueIdentifier>
    </Filter>
    <Filter Include="Заголовочные файлы\Game">
      <UniqueIdentifier>{c0d4dcf1-21ad-46ea-885d-9b40ad5c359a}</UniqueIdentifier>
    </Filter>
    <Filter Include="Заголовочные файлы\StandartObjects">
      <UniqueIdentifier>{71a01b63-fce0-47e6-8dc6-c3953d0c5bf6}</UniqueIdentifier>
    </Filter>
  </ItemGroup>
  <ItemGroup>
    <ClCompile Include="main.cpp">
      <Filter>Файлы исходного кода</Filter>
    </ClCompile>
    <ClCompile Include="GameObject.cpp">
      <Filter>Файлы исходного кода</Filter>
    </ClCompile>
    <ClCompile Include="Component.cpp">
      <Filter>Файлы исходного кода</Filter>
    </ClCompile>
    <ClCompile Include="InputManager.cpp">
      <Filter>Файлы исходного кода\Managers</Filter>
    </ClCompile>
    <ClCompile Include="OutputManager.cpp">
      <Filter>Файлы исходного кода\Managers</Filter>
    </ClCompile>
    <ClCompile Include="ObjectManager.cpp">
      <Filter>Файлы исходного кода\Managers</Filter>
    </ClCompile>
    <ClCompile Include="Player.cpp">
      <Filter>Файлы исходного кода\Objects</Filter>
    </ClCompile>
    <ClCompile Include="ScriptManager.cpp">
      <Filter>Файлы исходного кода\Managers</Filter>
    </ClCompile>
  </ItemGroup>
  <ItemGroup>
    <ClInclude Include="GameObject.h">
      <Filter>Заголовочные файлы</Filter>
    </ClInclude>
    <ClInclude Include="Component.h">
      <Filter>Заголовочные файлы</Filter>
    </ClInclude>
    <ClInclude Include="Player.h">
      <Filter>Заголовочные файлы\Objects</Filter>
    </ClInclude>
    <ClInclude Include="InputManager.h">
      <Filter>Заголовочные файлы\Managers</Filter>
    </ClInclude>
    <ClInclude Include="ObjectManager.h">
      <Filter>Заголовочные файлы\Managers</Filter>
    </ClInclude>
    <ClInclude Include="OutputManager.h">
      <Filter>Заголовочные файлы\Managers</Filter>
    </ClInclude>
    <ClInclude Include="ScriptManager.h">
      <Filter>Заголовочные файлы\Managers</Filter>
    </ClInclude>
    <ClInclude Include="Game.h">
      <Filter>Заголовочные файлы\Game</Filter>
    </ClInclude>
    <ClInclude Include="Camera.h">
      <Filter>Заголовочные файлы\StandartObjects</Filter>
    </ClInclude>
    <ClInclude Include="Background.h">
      <Filter>Заголовочные файлы\Objects</Filter>
    </ClInclude>
    <ClInclude Include="Cloud.h">
      <Filter>Заголовочные файлы\Objects</Filter>
    </ClInclude>
    <ClInclude Include="Rocket1.h">
      <Filter>Заголовочные файлы\Objects</Filter>
    </ClInclude>
    <ClInclude Include="CloudSystem.h">
      <Filter>Заголовочные файлы\Objects</Filter>
    </ClInclude>
    <ClInclude Include="RocketSystem.h">
      <Filter>Заголовочные файлы\Objects</Filter>
    </ClInclude>
  </ItemGroup>
</Project>